
Microsoft Visual Studio Solution File, Format Version 12.00
# Visual Studio Version 16
VisualStudioVersion = 16.0.30907.101
MinimumVisualStudioVersion = 10.0.40219.1
Project("{2150E333-8FDC-42A3-9474-1A3956D46DE8}") = "Domain", "Domain", "{237F3EE6-B545-440E-96E5-DD298B74CA84}"
EndProject
Project("{2150E333-8FDC-42A3-9474-1A3956D46DE8}") = "Infra.IoC", "Infra.IoC", "{2FE9FDAD-C3F9-4689-A284-535857939A06}"
EndProject
Project("{2150E333-8FDC-42A3-9474-1A3956D46DE8}") = "Infra.Bus", "Infra.Bus", "{69D7D65D-267E-4E56-80AB-A7C25F4A05CC}"
EndProject
Project("{2150E333-8FDC-42A3-9474-1A3956D46DE8}") = "MicroServices", "MicroServices", "{D5908C9E-1E8D-432E-B702-4850D72C826F}"
EndProject
Project("{2150E333-8FDC-42A3-9474-1A3956D46DE8}") = "Presentation", "Presentation", "{0566FA85-1B67-439B-995D-BF0E33245008}"
EndProject
Project("{9A19103F-16F7-4668-BE54-9A1E7A4F7556}") = "Rabbit.Domain.Core", "Rabbit.Domain.Core\Rabbit.Domain.Core.csproj", "{0CD93F25-4084-482F-9C5E-C053FD6530CA}"
EndProject
Project("{9A19103F-16F7-4668-BE54-9A1E7A4F7556}") = "Rabbit.Infra.Bus", "Rabbit.Infra.Bus\Rabbit.Infra.Bus.csproj", "{111FBD83-AF63-4FB7-9195-125F5B51F4F8}"
EndProject
Project("{2150E333-8FDC-42A3-9474-1A3956D46DE8}") = "BankingService", "BankingService", "{67BEC892-9D0C-4008-A184-F51FBF8E5308}"
EndProject
Project("{2150E333-8FDC-42A3-9474-1A3956D46DE8}") = "Api", "Api", "{60CFEC25-330D-48A4-9F14-25AA49E34732}"
EndProject
Project("{9A19103F-16F7-4668-BE54-9A1E7A4F7556}") = "Rabbit.Banking.Api", "Rabbit.Banking.Api\Rabbit.Banking.Api.csproj", "{06F84B2F-E810-44DE-BE50-DFB427DC69A7}"
EndProject
Project("{2150E333-8FDC-42A3-9474-1A3956D46DE8}") = "Services", "Services", "{6B4CE556-C06F-4257-98A9-C18714983974}"
EndProject
Project("{9A19103F-16F7-4668-BE54-9A1E7A4F7556}") = "Rabbit.Banking.Services", "Raqbbit.Banking.Services\Rabbit.Banking.Services.csproj", "{3E0A1904-1055-4103-B042-06D43FFB49DD}"
EndProject
Project("{2150E333-8FDC-42A3-9474-1A3956D46DE8}") = "Data", "Data", "{8B872CDA-1094-4D3B-B2FA-8923D8768826}"
EndProject
Project("{9A19103F-16F7-4668-BE54-9A1E7A4F7556}") = "Rabbit.Banking.Data", "Rabbit.Banking.Data\Rabbit.Banking.Data.csproj", "{A4A8E227-5507-4FA7-A2F4-70AB0A4AD3F6}"
EndProject
Project("{2150E333-8FDC-42A3-9474-1A3956D46DE8}") = "Infrastructure", "Infrastructure", "{C3067EE0-A676-4C78-A4BA-16771DCA25A1}"
EndProject
Project("{9A19103F-16F7-4668-BE54-9A1E7A4F7556}") = "Rabbit.Infra.IoC", "Rabbit.Infra.IoC\Rabbit.Infra.IoC.csproj", "{82AF0F3F-DCA1-4215-B9D2-D0D55B1BBD8A}"
EndProject
Project("{9A19103F-16F7-4668-BE54-9A1E7A4F7556}") = "Rabbit.Banking.Infrastructure", "Rabbit.Banking.Infrastructure\Rabbit.Banking.Infrastructure.csproj", "{BF4BC2CD-636C-43D9-B2A7-9EB239349343}"
EndProject
Project("{00D1A9C2-B5F0-4AF3-8072-F6C62B433612}") = "Rabbit.Banking.Data.Sql", "Rabbit.Banking.Data.Sql\Rabbit.Banking.Data.Sql.sqlproj", "{F64D487F-D16A-4EF8-B869-6C26BF6496D0}"
EndProject
Global
	GlobalSection(SolutionConfigurationPlatforms) = preSolution
		Debug|Any CPU = Debug|Any CPU
		Release|Any CPU = Release|Any CPU
	EndGlobalSection
	GlobalSection(ProjectConfigurationPlatforms) = postSolution
		{0CD93F25-4084-482F-9C5E-C053FD6530CA}.Debug|Any CPU.ActiveCfg = Debug|Any CPU
		{0CD93F25-4084-482F-9C5E-C053FD6530CA}.Debug|Any CPU.Build.0 = Debug|Any CPU
		{0CD93F25-4084-482F-9C5E-C053FD6530CA}.Release|Any CPU.ActiveCfg = Release|Any CPU
		{0CD93F25-4084-482F-9C5E-C053FD6530CA}.Release|Any CPU.Build.0 = Release|Any CPU
		{111FBD83-AF63-4FB7-9195-125F5B51F4F8}.Debug|Any CPU.ActiveCfg = Debug|Any CPU
		{111FBD83-AF63-4FB7-9195-125F5B51F4F8}.Debug|Any CPU.Build.0 = Debug|Any CPU
		{111FBD83-AF63-4FB7-9195-125F5B51F4F8}.Release|Any CPU.ActiveCfg = Release|Any CPU
		{111FBD83-AF63-4FB7-9195-125F5B51F4F8}.Release|Any CPU.Build.0 = Release|Any CPU
		{06F84B2F-E810-44DE-BE50-DFB427DC69A7}.Debug|Any CPU.ActiveCfg = Debug|Any CPU
		{06F84B2F-E810-44DE-BE50-DFB427DC69A7}.Debug|Any CPU.Build.0 = Debug|Any CPU
		{06F84B2F-E810-44DE-BE50-DFB427DC69A7}.Release|Any CPU.ActiveCfg = Release|Any CPU
		{06F84B2F-E810-44DE-BE50-DFB427DC69A7}.Release|Any CPU.Build.0 = Release|Any CPU
		{3E0A1904-1055-4103-B042-06D43FFB49DD}.Debug|Any CPU.ActiveCfg = Debug|Any CPU
		{3E0A1904-1055-4103-B042-06D43FFB49DD}.Debug|Any CPU.Build.0 = Debug|Any CPU
		{3E0A1904-1055-4103-B042-06D43FFB49DD}.Release|Any CPU.ActiveCfg = Release|Any CPU
		{3E0A1904-1055-4103-B042-06D43FFB49DD}.Release|Any CPU.Build.0 = Release|Any CPU
		{A4A8E227-5507-4FA7-A2F4-70AB0A4AD3F6}.Debug|Any CPU.ActiveCfg = Debug|Any CPU
		{A4A8E227-5507-4FA7-A2F4-70AB0A4AD3F6}.Debug|Any CPU.Build.0 = Debug|Any CPU
		{A4A8E227-5507-4FA7-A2F4-70AB0A4AD3F6}.Release|Any CPU.ActiveCfg = Release|Any CPU
		{A4A8E227-5507-4FA7-A2F4-70AB0A4AD3F6}.Release|Any CPU.Build.0 = Release|Any CPU
		{82AF0F3F-DCA1-4215-B9D2-D0D55B1BBD8A}.Debug|Any CPU.ActiveCfg = Debug|Any CPU
		{82AF0F3F-DCA1-4215-B9D2-D0D55B1BBD8A}.Debug|Any CPU.Build.0 = Debug|Any CPU
		{82AF0F3F-DCA1-4215-B9D2-D0D55B1BBD8A}.Release|Any CPU.ActiveCfg = Release|Any CPU
		{82AF0F3F-DCA1-4215-B9D2-D0D55B1BBD8A}.Release|Any CPU.Build.0 = Release|Any CPU
		{BF4BC2CD-636C-43D9-B2A7-9EB239349343}.Debug|Any CPU.ActiveCfg = Debug|Any CPU
		{BF4BC2CD-636C-43D9-B2A7-9EB239349343}.Debug|Any CPU.Build.0 = Debug|Any CPU
		{BF4BC2CD-636C-43D9-B2A7-9EB239349343}.Release|Any CPU.ActiveCfg = Release|Any CPU
		{BF4BC2CD-636C-43D9-B2A7-9EB239349343}.Release|Any CPU.Build.0 = Release|Any CPU
		{F64D487F-D16A-4EF8-B869-6C26BF6496D0}.Debug|Any CPU.ActiveCfg = Debug|Any CPU
		{F64D487F-D16A-4EF8-B869-6C26BF6496D0}.Debug|Any CPU.Build.0 = Debug|Any CPU
		{F64D487F-D16A-4EF8-B869-6C26BF6496D0}.Debug|Any CPU.Deploy.0 = Debug|Any CPU
		{F64D487F-D16A-4EF8-B869-6C26BF6496D0}.Release|Any CPU.ActiveCfg = Release|Any CPU
		{F64D487F-D16A-4EF8-B869-6C26BF6496D0}.Release|Any CPU.Build.0 = Release|Any CPU
		{F64D487F-D16A-4EF8-B869-6C26BF6496D0}.Release|Any CPU.Deploy.0 = Release|Any CPU
	EndGlobalSection
	GlobalSection(SolutionProperties) = preSolution
		HideSolutionNode = FALSE
	EndGlobalSection
	GlobalSection(NestedProjects) = preSolution
		{0CD93F25-4084-482F-9C5E-C053FD6530CA} = {237F3EE6-B545-440E-96E5-DD298B74CA84}
		{111FBD83-AF63-4FB7-9195-125F5B51F4F8} = {69D7D65D-267E-4E56-80AB-A7C25F4A05CC}
		{06F84B2F-E810-44DE-BE50-DFB427DC69A7} = {60CFEC25-330D-48A4-9F14-25AA49E34732}
		{3E0A1904-1055-4103-B042-06D43FFB49DD} = {6B4CE556-C06F-4257-98A9-C18714983974}
		{A4A8E227-5507-4FA7-A2F4-70AB0A4AD3F6} = {8B872CDA-1094-4D3B-B2FA-8923D8768826}
		{82AF0F3F-DCA1-4215-B9D2-D0D55B1BBD8A} = {2FE9FDAD-C3F9-4689-A284-535857939A06}
		{BF4BC2CD-636C-43D9-B2A7-9EB239349343} = {C3067EE0-A676-4C78-A4BA-16771DCA25A1}
		{F64D487F-D16A-4EF8-B869-6C26BF6496D0} = {8B872CDA-1094-4D3B-B2FA-8923D8768826}
	EndGlobalSection
	GlobalSection(ExtensibilityGlobals) = postSolution
		SolutionGuid = {4AA8D36F-D16A-4E2D-B24D-D8068EA9AE43}
	EndGlobalSection
EndGlobal
